
Microsoft Visual Studio Solution File, Format Version 12.00
# Visual Studio Version 16
VisualStudioVersion = 16.0.31702.278
MinimumVisualStudioVersion = 10.0.40219.1
Project("{FAE04EC0-301F-11D3-BF4B-00C04F79EFBC}") = "FivePD Plane Crash Callout", "FivePD Plane Crash Callout\FivePD Plane Crash Callout.csproj", "{084185E8-4EAA-4370-A3C8-56FD920D9911}"
EndProject
Global
	GlobalSection(SolutionConfigurationPlatforms) = preSolution
		Debug|Any CPU = Debug|Any CPU
		Release|Any CPU = Release|Any CPU
	EndGlobalSection
	GlobalSection(ProjectConfigurationPlatforms) = postSolution
		{084185E8-4EAA-4370-A3C8-56FD920D9911}.Debug|Any CPU.ActiveCfg = Debug|Any CPU
		{084185E8-4EAA-4370-A3C8-56FD920D9911}.Debug|Any CPU.Build.0 = Debug|Any CPU
		{084185E8-4EAA-4370-A3C8-56FD920D9911}.Release|Any CPU.ActiveCfg = Release|Any CPU
		{084185E8-4EAA-4370-A3C8-56FD920D9911}.Release|Any CPU.Build.0 = Release|Any CPU
	EndGlobalSection
	GlobalSection(SolutionProperties) = preSolution
		HideSolutionNode = FALSE
	EndGlobalSection
	GlobalSection(ExtensibilityGlobals) = postSolution
		SolutionGuid = {37D8FFD8-6828-425B-9389-9DBADBEAF7EE}
	EndGlobalSection
EndGlobal
